# THIS IS AN AUTOGENERATED FILE. DO NOT EDIT THIS FILE DIRECTLY.
# yarn lockfile v1


macd@^1.0.2:
  version "1.0.2"
  resolved "https://registry.yarnpkg.com/macd/-/macd-1.0.2.tgz#dffcc3d6311f48a7b783e203a7ea2f408a591a02"
  dependencies:
    math-array "^1.1.2"
    moving-averages "^4.0.5"

math-array@^1.1.2:
  version "1.1.2"
  resolved "https://registry.yarnpkg.com/math-array/-/math-array-1.1.2.tgz#6733ceea882ef26b55d70b9277059c63536d32ed"

moving-averages@^4.0.5:
  version "4.0.5"
  resolved "https://registry.yarnpkg.com/moving-averages/-/moving-averages-4.0.5.tgz#f1afea7eda8f956694a98857904cee780a4dc03d"
